// !$*UTF8*$!
{
	archiveVersion = 1;
	classes = {
	};
	objectVersion = 50;
	objects = {

/* Begin PBXBuildFile section */
		F84AB64E254D6EB800C8D58F /* AppDelegate.swift in Sources */ = {isa = PBXBuildFile; fileRef = F84AB64D254D6EB800C8D58F /* AppDelegate.swift */; };
		F84AB650254D6EB800C8D58F /* SceneDelegate.swift in Sources */ = {isa = PBXBuildFile; fileRef = F84AB64F254D6EB800C8D58F /* SceneDelegate.swift */; };
		F84AB652254D6EB800C8D58F /* ViewController.swift in Sources */ = {isa = PBXBuildFile; fileRef = F84AB651254D6EB800C8D58F /* ViewController.swift */; };
		F84AB655254D6EB800C8D58F /* Main.storyboard in Resources */ = {isa = PBXBuildFile; fileRef = F84AB653254D6EB800C8D58F /* Main.storyboard */; };
		F84AB657254D6EBC00C8D58F /* Assets.xcassets in Resources */ = {isa = PBXBuildFile; fileRef = F84AB656254D6EBC00C8D58F /* Assets.xcassets */; };
		F84AB65A254D6EBC00C8D58F /* LaunchScreen.storyboard in Resources */ = {isa = PBXBuildFile; fileRef = F84AB658254D6EBC00C8D58F /* LaunchScreen.storyboard */; };
		F89AA179254EC67E00E58CA6 /* MyAnimeManager.swift in Sources */ = {isa = PBXBuildFile; fileRef = F89AA178254EC67E00E58CA6 /* MyAnimeManager.swift */; };
		F89AA182254EED1C00E58CA6 /* HomeViewController.swift in Sources */ = {isa = PBXBuildFile; fileRef = F89AA181254EED1C00E58CA6 /* HomeViewController.swift */; };
		F89AA186254EF4C800E58CA6 /* AnimeData.swift in Sources */ = {isa = PBXBuildFile; fileRef = F89AA185254EF4C800E58CA6 /* AnimeData.swift */; };
		F8BC8C38254D7981007F85BD /* LoginViewController.swift in Sources */ = {isa = PBXBuildFile; fileRef = F8BC8C37254D7981007F85BD /* LoginViewController.swift */; };
		F8BC8C3B254D798F007F85BD /* RegisterViewController.swift in Sources */ = {isa = PBXBuildFile; fileRef = F8BC8C3A254D798F007F85BD /* RegisterViewController.swift */; };
/* End PBXBuildFile section */

/* Begin PBXFileReference section */
		F84AB64A254D6EB800C8D58F /* AnimeFinder.app */ = {isa = PBXFileReference; explicitFileType = wrapper.application; includeInIndex = 0; path = AnimeFinder.app; sourceTree = BUILT_PRODUCTS_DIR; };
		F84AB64D254D6EB800C8D58F /* AppDelegate.swift */ = {isa = PBXFileReference; lastKnownFileType = sourcecode.swift; path = AppDelegate.swift; sourceTree = "<group>"; };
		F84AB64F254D6EB800C8D58F /* SceneDelegate.swift */ = {isa = PBXFileReference; lastKnownFileType = sourcecode.swift; path = SceneDelegate.swift; sourceTree = "<group>"; };
		F84AB651254D6EB800C8D58F /* ViewController.swift */ = {isa = PBXFileReference; lastKnownFileType = sourcecode.swift; path = ViewController.swift; sourceTree = "<group>"; };
		F84AB654254D6EB800C8D58F /* Base */ = {isa = PBXFileReference; lastKnownFileType = file.storyboard; name = Base; path = Base.lproj/Main.storyboard; sourceTree = "<group>"; };
		F84AB656254D6EBC00C8D58F /* Assets.xcassets */ = {isa = PBXFileReference; lastKnownFileType = folder.assetcatalog; path = Assets.xcassets; sourceTree = "<group>"; };
		F84AB659254D6EBC00C8D58F /* Base */ = {isa = PBXFileReference; lastKnownFileType = file.storyboard; name = Base; path = Base.lproj/LaunchScreen.storyboard; sourceTree = "<group>"; };
		F84AB65B254D6EBC00C8D58F /* Info.plist */ = {isa = PBXFileReference; lastKnownFileType = text.plist.xml; path = Info.plist; sourceTree = "<group>"; };
		F89AA178254EC67E00E58CA6 /* MyAnimeManager.swift */ = {isa = PBXFileReference; lastKnownFileType = sourcecode.swift; path = MyAnimeManager.swift; sourceTree = "<group>"; };
		F89AA181254EED1C00E58CA6 /* HomeViewController.swift */ = {isa = PBXFileReference; lastKnownFileType = sourcecode.swift; path = HomeViewController.swift; sourceTree = "<group>"; };
		F89AA185254EF4C800E58CA6 /* AnimeData.swift */ = {isa = PBXFileReference; lastKnownFileType = sourcecode.swift; path = AnimeData.swift; sourceTree = "<group>"; };
		F8BC8C37254D7981007F85BD /* LoginViewController.swift */ = {isa = PBXFileReference; lastKnownFileType = sourcecode.swift; path = LoginViewController.swift; sourceTree = "<group>"; };
		F8BC8C3A254D798F007F85BD /* RegisterViewController.swift */ = {isa = PBXFileReference; lastKnownFileType = sourcecode.swift; path = RegisterViewController.swift; sourceTree = "<group>"; };
/* End PBXFileReference section */

/* Begin PBXFrameworksBuildPhase section */
		F84AB647254D6EB800C8D58F /* Frameworks */ = {
			isa = PBXFrameworksBuildPhase;
			buildActionMask = 2147483647;
			files = (
			);
			runOnlyForDeploymentPostprocessing = 0;
		};
/* End PBXFrameworksBuildPhase section */

/* Begin PBXGroup section */
		F84AB641254D6EB800C8D58F = {
			isa = PBXGroup;
			children = (
				F84AB64C254D6EB800C8D58F /* AnimeFinder */,
				F84AB64B254D6EB800C8D58F /* Products */,
			);
			sourceTree = "<group>";
		};
		F84AB64B254D6EB800C8D58F /* Products */ = {
			isa = PBXGroup;
			children = (
				F84AB64A254D6EB800C8D58F /* AnimeFinder.app */,
			);
			name = Products;
			sourceTree = "<group>";
		};
		F84AB64C254D6EB800C8D58F /* AnimeFinder */ = {
			isa = PBXGroup;
			children = (
				F84AB64D254D6EB800C8D58F /* AppDelegate.swift */,
				F89AA177254EC65100E58CA6 /* Model */,
				F84AB64F254D6EB800C8D58F /* SceneDelegate.swift */,
				F8BC8C35254D7967007F85BD /* Controller */,
				F84AB653254D6EB800C8D58F /* Main.storyboard */,
				F84AB656254D6EBC00C8D58F /* Assets.xcassets */,
				F84AB658254D6EBC00C8D58F /* LaunchScreen.storyboard */,
				F84AB65B254D6EBC00C8D58F /* Info.plist */,
			);
			path = AnimeFinder;
			sourceTree = "<group>";
		};
		F89AA177254EC65100E58CA6 /* Model */ = {
			isa = PBXGroup;
			children = (
				F89AA178254EC67E00E58CA6 /* MyAnimeManager.swift */,
				F89AA185254EF4C800E58CA6 /* AnimeData.swift */,
			);
			path = Model;
			sourceTree = "<group>";
		};
		F8BC8C35254D7967007F85BD /* Controller */ = {
			isa = PBXGroup;
			children = (
				F84AB651254D6EB800C8D58F /* ViewController.swift */,
				F8BC8C37254D7981007F85BD /* LoginViewController.swift */,
				F8BC8C3A254D798F007F85BD /* RegisterViewController.swift */,
				F89AA181254EED1C00E58CA6 /* HomeViewController.swift */,
			);
			path = Controller;
			sourceTree = "<group>";
		};
/* End PBXGroup section */

/* Begin PBXNativeTarget section */
		F84AB649254D6EB800C8D58F /* AnimeFinder */ = {
			isa = PBXNativeTarget;
			buildConfigurationList = F84AB65E254D6EBC00C8D58F /* Build configuration list for PBXNativeTarget "AnimeFinder" */;
			buildPhases = (
				F84AB646254D6EB800C8D58F /* Sources */,
				F84AB647254D6EB800C8D58F /* Frameworks */,
				F84AB648254D6EB800C8D58F /* Resources */,
			);
			buildRules = (
			);
			dependencies = (
			);
			name = AnimeFinder;
			productName = AnimeFinder;
			productReference = F84AB64A254D6EB800C8D58F /* AnimeFinder.app */;
			productType = "com.apple.product-type.application";
		};
/* End PBXNativeTarget section */

/* Begin PBXProject section */
		F84AB642254D6EB800C8D58F /* Project object */ = {
			isa = PBXProject;
			attributes = {
				LastSwiftUpdateCheck = 1210;
				LastUpgradeCheck = 1210;
				TargetAttributes = {
					F84AB649254D6EB800C8D58F = {
						CreatedOnToolsVersion = 12.1;
					};
				};
			};
			buildConfigurationList = F84AB645254D6EB800C8D58F /* Build configuration list for PBXProject "AnimeFinder" */;
			compatibilityVersion = "Xcode 9.3";
			developmentRegion = en;
			hasScannedForEncodings = 0;
			knownRegions = (
				en,
				Base,
			);
			mainGroup = F84AB641254D6EB800C8D58F;
			productRefGroup = F84AB64B254D6EB800C8D58F /* Products */;
			projectDirPath = "";
			projectRoot = "";
			targets = (
				F84AB649254D6EB800C8D58F /* AnimeFinder */,
			);
		};
/* End PBXProject section */

/* Begin PBXResourcesBuildPhase section */
		F84AB648254D6EB800C8D58F /* Resources */ = {
			isa = PBXResourcesBuildPhase;
			buildActionMask = 2147483647;
			files = (
				F84AB65A254D6EBC00C8D58F /* LaunchScreen.storyboard in Resources */,
				F84AB657254D6EBC00C8D58F /* Assets.xcassets in Resources */,
				F84AB655254D6EB800C8D58F /* Main.storyboard in Resources */,
			);
			runOnlyForDeploymentPostprocessing = 0;
		};
/* End PBXResourcesBuildPhase section */

/* Begin PBXSourcesBuildPhase section */
		F84AB646254D6EB800C8D58F /* Sources */ = {
			isa = PBXSourcesBuildPhase;
			buildActionMask = 2147483647;
			files = (
				F89AA179254EC67E00E58CA6 /* MyAnimeManager.swift in Sources */,
				F8BC8C38254D7981007F85BD /* LoginViewController.swift in Sources */,
				F8BC8C3B254D798F007F85BD /* RegisterViewController.swift in Sources */,
				F84AB652254D6EB800C8D58F /* ViewController.swift in Sources */,
				F89AA182254EED1C00E58CA6 /* HomeViewController.swift in Sources */,
				F84AB64E254D6EB800C8D58F /* AppDelegate.swift in Sources */,
				F89AA186254EF4C800E58CA6 /* AnimeData.swift in Sources */,
				F84AB650254D6EB800C8D58F /* SceneDelegate.swift in Sources */,
			);
			runOnlyForDeploymentPostprocessing = 0;
		};
/* End PBXSourcesBuildPhase section */

/* Begin PBXVariantGroup section */
		F84AB653254D6EB800C8D58F /* Main.storyboard */ = {
			isa = PBXVariantGroup;
			children = (
				F84AB654254D6EB800C8D58F /* Base */,
			);
			name = Main.storyboard;
			sourceTree = "<group>";
		};
		F84AB658254D6EBC00C8D58F /* LaunchScreen.storyboard */ = {
			isa = PBXVariantGroup;
			children = (
				F84AB659254D6EBC00C8D58F /* Base */,
			);
			name = LaunchScreen.storyboard;
			sourceTree = "<group>";
		};
/* End PBXVariantGroup section */

/* Begin XCBuildConfiguration section */
		F84AB65C254D6EBC00C8D58F /* Debug */ = {
			isa = XCBuildConfiguration;
			buildSettings = {
				ALWAYS_SEARCH_USER_PATHS = NO;
				CLANG_ANALYZER_NONNULL = YES;
				CLANG_ANALYZER_NUMBER_OBJECT_CONVERSION = YES_AGGRESSIVE;
				CLANG_CXX_LANGUAGE_STANDARD = "gnu++14";
				CLANG_CXX_LIBRARY = "libc++";
				CLANG_ENABLE_MODULES = YES;
				CLANG_ENABLE_OBJC_ARC = YES;
				CLANG_ENABLE_OBJC_WEAK = YES;
				CLANG_WARN_BLOCK_CAPTURE_AUTORELEASING = YES;
				CLANG_WARN_BOOL_CONVERSION = YES;
				CLANG_WARN_COMMA = YES;
				CLANG_WARN_CONSTANT_CONVERSION = YES;
				CLANG_WARN_DEPRECATED_OBJC_IMPLEMENTATIONS = YES;
				CLANG_WARN_DIRECT_OBJC_ISA_USAGE = YES_ERROR;
				CLANG_WARN_DOCUMENTATION_COMMENTS = YES;
				CLANG_WARN_EMPTY_BODY = YES;
				CLANG_WARN_ENUM_CONVERSION = YES;
				CLANG_WARN_INFINITE_RECURSION = YES;
				CLANG_WARN_INT_CONVERSION = YES;
				CLANG_WARN_NON_LITERAL_NULL_CONVERSION = YES;
				CLANG_WARN_OBJC_IMPLICIT_RETAIN_SELF = YES;
				CLANG_WARN_OBJC_LITERAL_CONVERSION = YES;
				CLANG_WARN_OBJC_ROOT_CLASS = YES_ERROR;
				CLANG_WARN_QUOTED_INCLUDE_IN_FRAMEWORK_HEADER = YES;
				CLANG_WARN_RANGE_LOOP_ANALYSIS = YES;
				CLANG_WARN_STRICT_PROTOTYPES = YES;
				CLANG_WARN_SUSPICIOUS_MOVE = YES;
				CLANG_WARN_UNGUARDED_AVAILABILITY = YES_AGGRESSIVE;
				CLANG_WARN_UNREACHABLE_CODE = YES;
				CLANG_WARN__DUPLICATE_METHOD_MATCH = YES;
				COPY_PHASE_STRIP = NO;
				DEBUG_INFORMATION_FORMAT = dwarf;
				ENABLE_STRICT_OBJC_MSGSEND = YES;
				ENABLE_TESTABILITY = YES;
				GCC_C_LANGUAGE_STANDARD = gnu11;
				GCC_DYNAMIC_NO_PIC = NO;
				GCC_NO_COMMON_BLOCKS = YES;
				GCC_OPTIMIZATION_LEVEL = 0;
				GCC_PREPROCESSOR_DEFINITIONS = (
					"DEBUG=1",
					"$(inherited)",
				);
				GCC_WARN_64_TO_32_BIT_CONVERSION = YES;
				GCC_WARN_ABOUT_RETURN_TYPE = YES_ERROR;
				GCC_WARN_UNDECLARED_SELECTOR = YES;
				GCC_WARN_UNINITIALIZED_AUTOS = YES_AGGRESSIVE;
				GCC_WARN_UNUSED_FUNCTION = YES;
				GCC_WARN_UNUSED_VARIABLE = YES;
				IPHONEOS_DEPLOYMENT_TARGET = 14.1;
				MTL_ENABLE_DEBUG_INFO = INCLUDE_SOURCE;
				MTL_FAST_MATH = YES;
				ONLY_ACTIVE_ARCH = YES;
				SDKROOT = iphoneos;
				SWIFT_ACTIVE_COMPILATION_CONDITIONS = DEBUG;
				SWIFT_OPTIMIZATION_LEVEL = "-Onone";
			};
			name = Debug;
		};
		F84AB65D254D6EBC00C8D58F /* Release */ = {
			isa = XCBuildConfiguration;
			buildSettings = {
				ALWAYS_SEARCH_USER_PATHS = NO;
				CLANG_ANALYZER_NONNULL = YES;
				CLANG_ANALYZER_NUMBER_OBJECT_CONVERSION = YES_AGGRESSIVE;
				CLANG_CXX_LANGUAGE_STANDARD = "gnu++14";
				CLANG_CXX_LIBRARY = "libc++";
				CLANG_ENABLE_MODULES = YES;
				CLANG_ENABLE_OBJC_ARC = YES;
				CLANG_ENABLE_OBJC_WEAK = YES;
				CLANG_WARN_BLOCK_CAPTURE_AUTORELEASING = YES;
				CLANG_WARN_BOOL_CONVERSION = YES;
				CLANG_WARN_COMMA = YES;
				CLANG_WARN_CONSTANT_CONVERSION = YES;
				CLANG_WARN_DEPRECATED_OBJC_IMPLEMENTATIONS = YES;
				CLANG_WARN_DIRECT_OBJC_ISA_USAGE = YES_ERROR;
				CLANG_WARN_DOCUMENTATION_COMMENTS = YES;
				CLANG_WARN_EMPTY_BODY = YES;
				CLANG_WARN_ENUM_CONVERSION = YES;
				CLANG_WARN_INFINITE_RECURSION = YES;
				CLANG_WARN_INT_CONVERSION = YES;
				CLANG_WARN_NON_LITERAL_NULL_CONVERSION = YES;
				CLANG_WARN_OBJC_IMPLICIT_RETAIN_SELF = YES;
				CLANG_WARN_OBJC_LITERAL_CONVERSION = YES;
				CLANG_WARN_OBJC_ROOT_CLASS = YES_ERROR;
				CLANG_WARN_QUOTED_INCLUDE_IN_FRAMEWORK_HEADER = YES;
				CLANG_WARN_RANGE_LOOP_ANALYSIS = YES;
				CLANG_WARN_STRICT_PROTOTYPES = YES;
				CLANG_WARN_SUSPICIOUS_MOVE = YES;
				CLANG_WARN_UNGUARDED_AVAILABILITY = YES_AGGRESSIVE;
				CLANG_WARN_UNREACHABLE_CODE = YES;
				CLANG_WARN__DUPLICATE_METHOD_MATCH = YES;
				COPY_PHASE_STRIP = NO;
				DEBUG_INFORMATION_FORMAT = "dwarf-with-dsym";
				ENABLE_NS_ASSERTIONS = NO;
				ENABLE_STRICT_OBJC_MSGSEND = YES;
				GCC_C_LANGUAGE_STANDARD = gnu11;
				GCC_NO_COMMON_BLOCKS = YES;
				GCC_WARN_64_TO_32_BIT_CONVERSION = YES;
				GCC_WARN_ABOUT_RETURN_TYPE = YES_ERROR;
				GCC_WARN_UNDECLARED_SELECTOR = YES;
				GCC_WARN_UNINITIALIZED_AUTOS = YES_AGGRESSIVE;
				GCC_WARN_UNUSED_FUNCTION = YES;
				GCC_WARN_UNUSED_VARIABLE = YES;
				IPHONEOS_DEPLOYMENT_TARGET = 14.1;
				MTL_ENABLE_DEBUG_INFO = NO;
				MTL_FAST_MATH = YES;
				SDKROOT = iphoneos;
				SWIFT_COMPILATION_MODE = wholemodule;
				SWIFT_OPTIMIZATION_LEVEL = "-O";
				VALIDATE_PRODUCT = YES;
			};
			name = Release;
		};
		F84AB65F254D6EBC00C8D58F /* Debug */ = {
			isa = XCBuildConfiguration;
			buildSettings = {
				ASSETCATALOG_COMPILER_APPICON_NAME = AppIcon;
				ASSETCATALOG_COMPILER_GLOBAL_ACCENT_COLOR_NAME = AccentColor;
				CODE_SIGN_STYLE = Automatic;
				DEVELOPMENT_TEAM = DZBYBZHP3F;
				INFOPLIST_FILE = AnimeFinder/Info.plist;
				LD_RUNPATH_SEARCH_PATHS = (
					"$(inherited)",
					"@executable_path/Frameworks",
				);
				PRODUCT_BUNDLE_IDENTIFIER = com.alwesley.AnimeFinder;
				PRODUCT_NAME = "$(TARGET_NAME)";
				SWIFT_VERSION = 5.0;
				TARGETED_DEVICE_FAMILY = "1,2";
			};
			name = Debug;
		};
		F84AB660254D6EBC00C8D58F /* Release */ = {
			isa = XCBuildConfiguration;
			buildSettings = {
				ASSETCATALOG_COMPILER_APPICON_NAME = AppIcon;
				ASSETCATALOG_COMPILER_GLOBAL_ACCENT_COLOR_NAME = AccentColor;
				CODE_SIGN_STYLE = Automatic;
				DEVELOPMENT_TEAM = DZBYBZHP3F;
				INFOPLIST_FILE = AnimeFinder/Info.plist;
				LD_RUNPATH_SEARCH_PATHS = (
					"$(inherited)",
					"@executable_path/Frameworks",
				);
				PRODUCT_BUNDLE_IDENTIFIER = com.alwesley.AnimeFinder;
				PRODUCT_NAME = "$(TARGET_NAME)";
				SWIFT_VERSION = 5.0;
				TARGETED_DEVICE_FAMILY = "1,2";
			};
			name = Release;
		};
/* End XCBuildConfiguration section */

/* Begin XCConfigurationList section */
		F84AB645254D6EB800C8D58F /* Build configuration list for PBXProject "AnimeFinder" */ = {
			isa = XCConfigurationList;
			buildConfigurations = (
				F84AB65C254D6EBC00C8D58F /* Debug */,
				F84AB65D254D6EBC00C8D58F /* Release */,
			);
			defaultConfigurationIsVisible = 0;
			defaultConfigurationName = Release;
		};
		F84AB65E254D6EBC00C8D58F /* Build configuration list for PBXNativeTarget "AnimeFinder" */ = {
			isa = XCConfigurationList;
			buildConfigurations = (
				F84AB65F254D6EBC00C8D58F /* Debug */,
				F84AB660254D6EBC00C8D58F /* Release */,
			);
			defaultConfigurationIsVisible = 0;
			defaultConfigurationName = Release;
		};
/* End XCConfigurationList section */
	};
	rootObject = F84AB642254D6EB800C8D58F /* Project object */;
}
